
Microsoft Visual Studio Solution File, Format Version 12.00
Project("{2150E333-8FDC-42A3-9474-1A3956D46DE8}") = "FileService", "FileService", "{2CEA971A-5B58-4F1B-93E0-9394C0D1AF64}"
EndProject
Project("{FAE04EC0-301F-11D3-BF4B-00C04F79EFBC}") = "FileService.Domain", "FileService.Domain\FileService.Domain.csproj", "{6807AFBE-ABC3-4CB3-8416-09BCD387B87B}"
EndProject
Project("{FAE04EC0-301F-11D3-BF4B-00C04F79EFBC}") = "FileService.Infrastructure", "FileService.Infrastructure\FileService.Infrastructure.csproj", "{8668D62D-C2F4-4581-ACE4-C8ABDE0F627B}"
EndProject
Project("{2150E333-8FDC-42A3-9474-1A3956D46DE8}") = "Commons", "Commons", "{6AA8CE47-67A4-4856-848F-08140BCFFE57}"
EndProject
Project("{FAE04EC0-301F-11D3-BF4B-00C04F79EFBC}") = "DomainCommons", "DomainCommons\DomainCommons.csproj", "{E7C1CBED-7148-4B74-B0FA-1BFA34CD0C1B}"
EndProject
Project("{FAE04EC0-301F-11D3-BF4B-00C04F79EFBC}") = "CommonInitializer", "CommonInitializer\CommonInitializer.csproj", "{B94C2767-FC83-429D-B851-428012F28FE6}"
EndProject
Project("{FAE04EC0-301F-11D3-BF4B-00C04F79EFBC}") = "CommonUtils", "CommonUtils\CommonUtils.csproj", "{E6154557-2DDA-492C-93B6-FD8CC7F2CB15}"
EndProject
Project("{FAE04EC0-301F-11D3-BF4B-00C04F79EFBC}") = "FileService.Api", "FileService.Api\FileService.Api.csproj", "{1F19361B-2692-49FF-A291-48D9D0823922}"
EndProject
Project("{FAE04EC0-301F-11D3-BF4B-00C04F79EFBC}") = "Middlewares", "Middlewares\Middlewares.csproj", "{35CF28F2-06FF-411A-AC31-B20CD03F4B07}"
EndProject
Project("{2150E333-8FDC-42A3-9474-1A3956D46DE8}") = "IdentityService", "IdentityService", "{D48120FF-B93E-4510-A962-78E03EE42720}"
EndProject
Project("{FAE04EC0-301F-11D3-BF4B-00C04F79EFBC}") = "IdentityService.Domain", "IdentityService.Domain\IdentityService.Domain.csproj", "{3FF53A94-B074-41ED-BA6B-8E51053C26F7}"
EndProject
Global
	GlobalSection(SolutionConfigurationPlatforms) = preSolution
		Debug|Any CPU = Debug|Any CPU
		Release|Any CPU = Release|Any CPU
	EndGlobalSection
	GlobalSection(ProjectConfigurationPlatforms) = postSolution
		{6807AFBE-ABC3-4CB3-8416-09BCD387B87B}.Debug|Any CPU.ActiveCfg = Debug|Any CPU
		{6807AFBE-ABC3-4CB3-8416-09BCD387B87B}.Debug|Any CPU.Build.0 = Debug|Any CPU
		{6807AFBE-ABC3-4CB3-8416-09BCD387B87B}.Release|Any CPU.ActiveCfg = Release|Any CPU
		{6807AFBE-ABC3-4CB3-8416-09BCD387B87B}.Release|Any CPU.Build.0 = Release|Any CPU
		{8668D62D-C2F4-4581-ACE4-C8ABDE0F627B}.Debug|Any CPU.ActiveCfg = Debug|Any CPU
		{8668D62D-C2F4-4581-ACE4-C8ABDE0F627B}.Debug|Any CPU.Build.0 = Debug|Any CPU
		{8668D62D-C2F4-4581-ACE4-C8ABDE0F627B}.Release|Any CPU.ActiveCfg = Release|Any CPU
		{8668D62D-C2F4-4581-ACE4-C8ABDE0F627B}.Release|Any CPU.Build.0 = Release|Any CPU
		{E7C1CBED-7148-4B74-B0FA-1BFA34CD0C1B}.Debug|Any CPU.ActiveCfg = Debug|Any CPU
		{E7C1CBED-7148-4B74-B0FA-1BFA34CD0C1B}.Debug|Any CPU.Build.0 = Debug|Any CPU
		{E7C1CBED-7148-4B74-B0FA-1BFA34CD0C1B}.Release|Any CPU.ActiveCfg = Release|Any CPU
		{E7C1CBED-7148-4B74-B0FA-1BFA34CD0C1B}.Release|Any CPU.Build.0 = Release|Any CPU
		{B94C2767-FC83-429D-B851-428012F28FE6}.Debug|Any CPU.ActiveCfg = Debug|Any CPU
		{B94C2767-FC83-429D-B851-428012F28FE6}.Debug|Any CPU.Build.0 = Debug|Any CPU
		{B94C2767-FC83-429D-B851-428012F28FE6}.Release|Any CPU.ActiveCfg = Release|Any CPU
		{B94C2767-FC83-429D-B851-428012F28FE6}.Release|Any CPU.Build.0 = Release|Any CPU
		{E6154557-2DDA-492C-93B6-FD8CC7F2CB15}.Debug|Any CPU.ActiveCfg = Debug|Any CPU
		{E6154557-2DDA-492C-93B6-FD8CC7F2CB15}.Debug|Any CPU.Build.0 = Debug|Any CPU
		{E6154557-2DDA-492C-93B6-FD8CC7F2CB15}.Release|Any CPU.ActiveCfg = Release|Any CPU
		{E6154557-2DDA-492C-93B6-FD8CC7F2CB15}.Release|Any CPU.Build.0 = Release|Any CPU
		{1F19361B-2692-49FF-A291-48D9D0823922}.Debug|Any CPU.ActiveCfg = Debug|Any CPU
		{1F19361B-2692-49FF-A291-48D9D0823922}.Debug|Any CPU.Build.0 = Debug|Any CPU
		{1F19361B-2692-49FF-A291-48D9D0823922}.Release|Any CPU.ActiveCfg = Release|Any CPU
		{1F19361B-2692-49FF-A291-48D9D0823922}.Release|Any CPU.Build.0 = Release|Any CPU
		{35CF28F2-06FF-411A-AC31-B20CD03F4B07}.Debug|Any CPU.ActiveCfg = Debug|Any CPU
		{35CF28F2-06FF-411A-AC31-B20CD03F4B07}.Debug|Any CPU.Build.0 = Debug|Any CPU
		{35CF28F2-06FF-411A-AC31-B20CD03F4B07}.Release|Any CPU.ActiveCfg = Release|Any CPU
		{35CF28F2-06FF-411A-AC31-B20CD03F4B07}.Release|Any CPU.Build.0 = Release|Any CPU
		{3FF53A94-B074-41ED-BA6B-8E51053C26F7}.Debug|Any CPU.ActiveCfg = Debug|Any CPU
		{3FF53A94-B074-41ED-BA6B-8E51053C26F7}.Debug|Any CPU.Build.0 = Debug|Any CPU
		{3FF53A94-B074-41ED-BA6B-8E51053C26F7}.Release|Any CPU.ActiveCfg = Release|Any CPU
		{3FF53A94-B074-41ED-BA6B-8E51053C26F7}.Release|Any CPU.Build.0 = Release|Any CPU
	EndGlobalSection
	GlobalSection(NestedProjects) = preSolution
		{6807AFBE-ABC3-4CB3-8416-09BCD387B87B} = {2CEA971A-5B58-4F1B-93E0-9394C0D1AF64}
		{8668D62D-C2F4-4581-ACE4-C8ABDE0F627B} = {2CEA971A-5B58-4F1B-93E0-9394C0D1AF64}
		{E7C1CBED-7148-4B74-B0FA-1BFA34CD0C1B} = {6AA8CE47-67A4-4856-848F-08140BCFFE57}
		{B94C2767-FC83-429D-B851-428012F28FE6} = {6AA8CE47-67A4-4856-848F-08140BCFFE57}
		{E6154557-2DDA-492C-93B6-FD8CC7F2CB15} = {6AA8CE47-67A4-4856-848F-08140BCFFE57}
		{1F19361B-2692-49FF-A291-48D9D0823922} = {2CEA971A-5B58-4F1B-93E0-9394C0D1AF64}
		{35CF28F2-06FF-411A-AC31-B20CD03F4B07} = {6AA8CE47-67A4-4856-848F-08140BCFFE57}
		{3FF53A94-B074-41ED-BA6B-8E51053C26F7} = {D48120FF-B93E-4510-A962-78E03EE42720}
	EndGlobalSection
EndGlobal
